
Microsoft Visual Studio Solution File, Format Version 12.00
# Visual Studio Version 17
VisualStudioVersion = 17.12.35527.113 d17.12
MinimumVisualStudioVersion = 10.0.40219.1
Project("{FAE04EC0-301F-11D3-BF4B-00C04F79EFBC}") = "Phi3SkOnnxConsole", "Phi3SkOnnxConsole.csproj", "{5C9E6138-7989-4E42-944F-FDDCCC2FECDD}"
EndProject
Global
	GlobalSection(SolutionConfigurationPlatforms) = preSolution
		Debug|Any CPU = Debug|Any CPU
		Release|Any CPU = Release|Any CPU
	EndGlobalSection
	GlobalSection(ProjectConfigurationPlatforms) = postSolution
		{5C9E6138-7989-4E42-944F-FDDCCC2FECDD}.Debug|Any CPU.ActiveCfg = Debug|Any CPU
		{5C9E6138-7989-4E42-944F-FDDCCC2FECDD}.Debug|Any CPU.Build.0 = Debug|Any CPU
		{5C9E6138-7989-4E42-944F-FDDCCC2FECDD}.Release|Any CPU.ActiveCfg = Release|Any CPU
		{5C9E6138-7989-4E42-944F-FDDCCC2FECDD}.Release|Any CPU.Build.0 = Release|Any CPU
	EndGlobalSection
	GlobalSection(SolutionProperties) = preSolution
		HideSolutionNode = FALSE
	EndGlobalSection
EndGlobal
